
Microsoft Visual Studio Solution File, Format Version 12.00
# Visual Studio 15
VisualStudioVersion = 15.0.28010.2016
MinimumVisualStudioVersion = 10.0.40219.1
Project("{FAE04EC0-301F-11D3-BF4B-00C04F79EFBC}") = "ProductNUnitApplication", "ProductNUnitApplication\ProductNUnitApplication.csproj", "{8FA0FB6D-9FC0-4250-A645-F5C221C13352}"
EndProject
Project("{FAE04EC0-301F-11D3-BF4B-00C04F79EFBC}") = "ProductNUnitApplication.tests", "..\ProductNUnitApplication.tests\ProductNUnitApplication.tests.csproj", "{15076FF5-5E31-4B45-9AD8-038C073070D5}"
EndProject
Global
	GlobalSection(SolutionConfigurationPlatforms) = preSolution
		Debug|Any CPU = Debug|Any CPU
		Release|Any CPU = Release|Any CPU
	EndGlobalSection
	GlobalSection(ProjectConfigurationPlatforms) = postSolution
		{8FA0FB6D-9FC0-4250-A645-F5C221C13352}.Debug|Any CPU.ActiveCfg = Debug|Any CPU
		{8FA0FB6D-9FC0-4250-A645-F5C221C13352}.Debug|Any CPU.Build.0 = Debug|Any CPU
		{8FA0FB6D-9FC0-4250-A645-F5C221C13352}.Release|Any CPU.ActiveCfg = Release|Any CPU
		{8FA0FB6D-9FC0-4250-A645-F5C221C13352}.Release|Any CPU.Build.0 = Release|Any CPU
		{15076FF5-5E31-4B45-9AD8-038C073070D5}.Debug|Any CPU.ActiveCfg = Debug|Any CPU
		{15076FF5-5E31-4B45-9AD8-038C073070D5}.Debug|Any CPU.Build.0 = Debug|Any CPU
		{15076FF5-5E31-4B45-9AD8-038C073070D5}.Release|Any CPU.ActiveCfg = Release|Any CPU
		{15076FF5-5E31-4B45-9AD8-038C073070D5}.Release|Any CPU.Build.0 = Release|Any CPU
	EndGlobalSection
	GlobalSection(SolutionProperties) = preSolution
		HideSolutionNode = FALSE
	EndGlobalSection
	GlobalSection(ExtensibilityGlobals) = postSolution
		SolutionGuid = {2807BA40-D762-4790-9506-A4E513C28A10}
	EndGlobalSection
EndGlobal
